
Microsoft Visual Studio Solution File, Format Version 12.00
# Visual Studio Version 17
VisualStudioVersion = 17.9.34723.18
MinimumVisualStudioVersion = 10.0.40219.1
Project("{FAE04EC0-301F-11D3-BF4B-00C04F79EFBC}") = "CustomWindows", "CustomWindows\CustomWindows.csproj", "{8CF282F6-8C46-47A8-A95C-24F3A2D53585}"
EndProject
Global
	GlobalSection(SolutionConfigurationPlatforms) = preSolution
		Debug|Any CPU = Debug|Any CPU
		Release|Any CPU = Release|Any CPU
	EndGlobalSection
	GlobalSection(ProjectConfigurationPlatforms) = postSolution
		{8CF282F6-8C46-47A8-A95C-24F3A2D53585}.Debug|Any CPU.ActiveCfg = Debug|Any CPU
		{8CF282F6-8C46-47A8-A95C-24F3A2D53585}.Debug|Any CPU.Build.0 = Debug|Any CPU
		{8CF282F6-8C46-47A8-A95C-24F3A2D53585}.Release|Any CPU.ActiveCfg = Release|Any CPU
		{8CF282F6-8C46-47A8-A95C-24F3A2D53585}.Release|Any CPU.Build.0 = Release|Any CPU
	EndGlobalSection
	GlobalSection(SolutionProperties) = preSolution
		HideSolutionNode = FALSE
	EndGlobalSection
	GlobalSection(ExtensibilityGlobals) = postSolution
		SolutionGuid = {B3BD3D0F-B7C4-4FDA-994C-BB897973A865}
	EndGlobalSection
EndGlobal
